
Microsoft Visual Studio Solution File, Format Version 11.00
# Visual Studio 2010
Project("{FAE04EC0-301F-11D3-BF4B-00C04F79EFBC}") = "CollectionsNList2", "CollectionsNList2\CollectionsNList2.csproj", "{01EC397C-6D57-4B9F-9A3E-FA292F3F228B}"
EndProject
Global
	GlobalSection(SolutionConfigurationPlatforms) = preSolution
		Debug|x86 = Debug|x86
		Release|x86 = Release|x86
	EndGlobalSection
	GlobalSection(ProjectConfigurationPlatforms) = postSolution
		{01EC397C-6D57-4B9F-9A3E-FA292F3F228B}.Debug|x86.ActiveCfg = Debug|x86
		{01EC397C-6D57-4B9F-9A3E-FA292F3F228B}.Debug|x86.Build.0 = Debug|x86
		{01EC397C-6D57-4B9F-9A3E-FA292F3F228B}.Release|x86.ActiveCfg = Release|x86
		{01EC397C-6D57-4B9F-9A3E-FA292F3F228B}.Release|x86.Build.0 = Release|x86
	EndGlobalSection
	GlobalSection(SolutionProperties) = preSolution
		HideSolutionNode = FALSE
	EndGlobalSection
EndGlobal
